
Microsoft Visual Studio Solution File, Format Version 12.00
# Visual Studio 15
VisualStudioVersion = 15.0.27428.2011
MinimumVisualStudioVersion = 10.0.40219.1
Project("{FAE04EC0-301F-11D3-BF4B-00C04F79EFBC}") = "Lab18", "Lab18\Lab18.csproj", "{556BAD91-C5DC-417A-820C-A58E81340018}"
EndProject
Project("{FAE04EC0-301F-11D3-BF4B-00C04F79EFBC}") = "Lab18ToDoTest", "Lab18ToDoTest\Lab18ToDoTest.csproj", "{B4D83B81-A1CB-4BB7-B056-EBFAE9AA23E2}"
EndProject
Global
	GlobalSection(SolutionConfigurationPlatforms) = preSolution
		Debug|Any CPU = Debug|Any CPU
		Release|Any CPU = Release|Any CPU
	EndGlobalSection
	GlobalSection(ProjectConfigurationPlatforms) = postSolution
		{556BAD91-C5DC-417A-820C-A58E81340018}.Debug|Any CPU.ActiveCfg = Debug|Any CPU
		{556BAD91-C5DC-417A-820C-A58E81340018}.Debug|Any CPU.Build.0 = Debug|Any CPU
		{556BAD91-C5DC-417A-820C-A58E81340018}.Release|Any CPU.ActiveCfg = Release|Any CPU
		{556BAD91-C5DC-417A-820C-A58E81340018}.Release|Any CPU.Build.0 = Release|Any CPU
		{B4D83B81-A1CB-4BB7-B056-EBFAE9AA23E2}.Debug|Any CPU.ActiveCfg = Debug|Any CPU
		{B4D83B81-A1CB-4BB7-B056-EBFAE9AA23E2}.Debug|Any CPU.Build.0 = Debug|Any CPU
		{B4D83B81-A1CB-4BB7-B056-EBFAE9AA23E2}.Release|Any CPU.ActiveCfg = Release|Any CPU
		{B4D83B81-A1CB-4BB7-B056-EBFAE9AA23E2}.Release|Any CPU.Build.0 = Release|Any CPU
	EndGlobalSection
	GlobalSection(SolutionProperties) = preSolution
		HideSolutionNode = FALSE
	EndGlobalSection
	GlobalSection(ExtensibilityGlobals) = postSolution
		SolutionGuid = {008249C1-8AE7-416F-A526-F2D01B1B8E24}
	EndGlobalSection
EndGlobal
